
Microsoft Visual Studio Solution File, Format Version 12.00
# Visual Studio Version 16
VisualStudioVersion = 16.0.35130.168
MinimumVisualStudioVersion = 10.0.40219.1
Project("{FAE04EC0-301F-11D3-BF4B-00C04F79EFBC}") = "GestorBiblioteca", "GestorBiblioteca\GestorBiblioteca.csproj", "{674A83A8-9F49-4EE4-A56D-BCE16BB99BD5}"
EndProject
Global
	GlobalSection(SolutionConfigurationPlatforms) = preSolution
		Debug|Any CPU = Debug|Any CPU
		Release|Any CPU = Release|Any CPU
	EndGlobalSection
	GlobalSection(ProjectConfigurationPlatforms) = postSolution
		{674A83A8-9F49-4EE4-A56D-BCE16BB99BD5}.Debug|Any CPU.ActiveCfg = Debug|Any CPU
		{674A83A8-9F49-4EE4-A56D-BCE16BB99BD5}.Debug|Any CPU.Build.0 = Debug|Any CPU
		{674A83A8-9F49-4EE4-A56D-BCE16BB99BD5}.Release|Any CPU.ActiveCfg = Release|Any CPU
		{674A83A8-9F49-4EE4-A56D-BCE16BB99BD5}.Release|Any CPU.Build.0 = Release|Any CPU
	EndGlobalSection
	GlobalSection(SolutionProperties) = preSolution
		HideSolutionNode = FALSE
	EndGlobalSection
	GlobalSection(ExtensibilityGlobals) = postSolution
		SolutionGuid = {CD4AD299-A504-4DDF-9819-08FDEC7C7129}
	EndGlobalSection
EndGlobal
