
Microsoft Visual Studio Solution File, Format Version 12.00
# Visual Studio Version 16
VisualStudioVersion = 16.0.35130.168
MinimumVisualStudioVersion = 10.0.40219.1
Project("{FAE04EC0-301F-11D3-BF4B-00C04F79EFBC}") = "ProyectoSemana3SistemaDeNotas", "ProyectoSemana3SistemaDeNotas\ProyectoSemana3SistemaDeNotas.csproj", "{A0C89320-C406-4CD0-B17E-400992D27AE7}"
EndProject
Global
	GlobalSection(SolutionConfigurationPlatforms) = preSolution
		Debug|Any CPU = Debug|Any CPU
		Release|Any CPU = Release|Any CPU
	EndGlobalSection
	GlobalSection(ProjectConfigurationPlatforms) = postSolution
		{A0C89320-C406-4CD0-B17E-400992D27AE7}.Debug|Any CPU.ActiveCfg = Debug|Any CPU
		{A0C89320-C406-4CD0-B17E-400992D27AE7}.Debug|Any CPU.Build.0 = Debug|Any CPU
		{A0C89320-C406-4CD0-B17E-400992D27AE7}.Release|Any CPU.ActiveCfg = Release|Any CPU
		{A0C89320-C406-4CD0-B17E-400992D27AE7}.Release|Any CPU.Build.0 = Release|Any CPU
	EndGlobalSection
	GlobalSection(SolutionProperties) = preSolution
		HideSolutionNode = FALSE
	EndGlobalSection
	GlobalSection(ExtensibilityGlobals) = postSolution
		SolutionGuid = {7087894E-6D8A-4C63-80F0-78825F5EA9E7}
	EndGlobalSection
EndGlobal
